
Microsoft Visual Studio Solution File, Format Version 12.00
# Visual Studio Version 16
VisualStudioVersion = 16.0.31112.23
MinimumVisualStudioVersion = 10.0.40219.1
Project("{2150E333-8FDC-42A3-9474-1A3956D46DE8}") = "Backend", "Backend", "{643F4382-8F35-4F32-90E2-92B46C6C64BB}"
EndProject
Project("{2150E333-8FDC-42A3-9474-1A3956D46DE8}") = "Frontend", "Frontend", "{AEC10E12-0944-47C8-BAA9-F888B2B3AE08}"
EndProject
Project("{9A19103F-16F7-4668-BE54-9A1E7A4F7556}") = "F-Customer", "F-Customer\F-Customer.csproj", "{A46E5BE7-8A38-4725-BAF8-581DC969C6A7}"
EndProject
Project("{9A19103F-16F7-4668-BE54-9A1E7A4F7556}") = "F-Admin", "F-Admin\F-Admin.csproj", "{D0D9A724-83A8-4B35-AA7F-2F883F9FDE3A}"
EndProject
Project("{9A19103F-16F7-4668-BE54-9A1E7A4F7556}") = "DAL", "DAL\DAL.csproj", "{1586FA39-4436-4342-A7E5-89B36ACD55B2}"
EndProject
Project("{9A19103F-16F7-4668-BE54-9A1E7A4F7556}") = "BUS", "BUS\BUS.csproj", "{605615DB-2A2C-412F-B7EB-C5F0F235789D}"
EndProject
Project("{9A19103F-16F7-4668-BE54-9A1E7A4F7556}") = "DTO", "DTO\DTO.csproj", "{11AF7E54-921A-416A-A668-EB4F37164B08}"
EndProject
Project("{9A19103F-16F7-4668-BE54-9A1E7A4F7556}") = "B-Admin", "B-Admin\B-Admin.csproj", "{5EEB0445-55F0-49B6-A41C-7EC77FBE82A9}"
EndProject
Project("{9A19103F-16F7-4668-BE54-9A1E7A4F7556}") = "B-Customer", "B-Customer\B-Customer.csproj", "{C571D582-0439-4B00-8F18-0A187FCF22BA}"
EndProject
Project("{FAE04EC0-301F-11D3-BF4B-00C04F79EFBC}") = "Server-Default", "Server-Default\Server-Default.csproj", "{68E5A502-7E54-4E22-BDC0-4E32B0E7E5B1}"
EndProject
Global
	GlobalSection(SolutionConfigurationPlatforms) = preSolution
		Debug|Any CPU = Debug|Any CPU
		Release|Any CPU = Release|Any CPU
	EndGlobalSection
	GlobalSection(ProjectConfigurationPlatforms) = postSolution
		{A46E5BE7-8A38-4725-BAF8-581DC969C6A7}.Debug|Any CPU.ActiveCfg = Debug|Any CPU
		{A46E5BE7-8A38-4725-BAF8-581DC969C6A7}.Debug|Any CPU.Build.0 = Debug|Any CPU
		{A46E5BE7-8A38-4725-BAF8-581DC969C6A7}.Release|Any CPU.ActiveCfg = Release|Any CPU
		{A46E5BE7-8A38-4725-BAF8-581DC969C6A7}.Release|Any CPU.Build.0 = Release|Any CPU
		{D0D9A724-83A8-4B35-AA7F-2F883F9FDE3A}.Debug|Any CPU.ActiveCfg = Debug|Any CPU
		{D0D9A724-83A8-4B35-AA7F-2F883F9FDE3A}.Debug|Any CPU.Build.0 = Debug|Any CPU
		{D0D9A724-83A8-4B35-AA7F-2F883F9FDE3A}.Release|Any CPU.ActiveCfg = Release|Any CPU
		{D0D9A724-83A8-4B35-AA7F-2F883F9FDE3A}.Release|Any CPU.Build.0 = Release|Any CPU
		{1586FA39-4436-4342-A7E5-89B36ACD55B2}.Debug|Any CPU.ActiveCfg = Debug|Any CPU
		{1586FA39-4436-4342-A7E5-89B36ACD55B2}.Debug|Any CPU.Build.0 = Debug|Any CPU
		{1586FA39-4436-4342-A7E5-89B36ACD55B2}.Release|Any CPU.ActiveCfg = Release|Any CPU
		{1586FA39-4436-4342-A7E5-89B36ACD55B2}.Release|Any CPU.Build.0 = Release|Any CPU
		{605615DB-2A2C-412F-B7EB-C5F0F235789D}.Debug|Any CPU.ActiveCfg = Debug|Any CPU
		{605615DB-2A2C-412F-B7EB-C5F0F235789D}.Debug|Any CPU.Build.0 = Debug|Any CPU
		{605615DB-2A2C-412F-B7EB-C5F0F235789D}.Release|Any CPU.ActiveCfg = Release|Any CPU
		{605615DB-2A2C-412F-B7EB-C5F0F235789D}.Release|Any CPU.Build.0 = Release|Any CPU
		{11AF7E54-921A-416A-A668-EB4F37164B08}.Debug|Any CPU.ActiveCfg = Debug|Any CPU
		{11AF7E54-921A-416A-A668-EB4F37164B08}.Debug|Any CPU.Build.0 = Debug|Any CPU
		{11AF7E54-921A-416A-A668-EB4F37164B08}.Release|Any CPU.ActiveCfg = Release|Any CPU
		{11AF7E54-921A-416A-A668-EB4F37164B08}.Release|Any CPU.Build.0 = Release|Any CPU
		{5EEB0445-55F0-49B6-A41C-7EC77FBE82A9}.Debug|Any CPU.ActiveCfg = Debug|Any CPU
		{5EEB0445-55F0-49B6-A41C-7EC77FBE82A9}.Debug|Any CPU.Build.0 = Debug|Any CPU
		{5EEB0445-55F0-49B6-A41C-7EC77FBE82A9}.Release|Any CPU.ActiveCfg = Release|Any CPU
		{5EEB0445-55F0-49B6-A41C-7EC77FBE82A9}.Release|Any CPU.Build.0 = Release|Any CPU
		{C571D582-0439-4B00-8F18-0A187FCF22BA}.Debug|Any CPU.ActiveCfg = Debug|Any CPU
		{C571D582-0439-4B00-8F18-0A187FCF22BA}.Debug|Any CPU.Build.0 = Debug|Any CPU
		{C571D582-0439-4B00-8F18-0A187FCF22BA}.Release|Any CPU.ActiveCfg = Release|Any CPU
		{C571D582-0439-4B00-8F18-0A187FCF22BA}.Release|Any CPU.Build.0 = Release|Any CPU
		{68E5A502-7E54-4E22-BDC0-4E32B0E7E5B1}.Debug|Any CPU.ActiveCfg = Debug|Any CPU
		{68E5A502-7E54-4E22-BDC0-4E32B0E7E5B1}.Debug|Any CPU.Build.0 = Debug|Any CPU
		{68E5A502-7E54-4E22-BDC0-4E32B0E7E5B1}.Release|Any CPU.ActiveCfg = Release|Any CPU
		{68E5A502-7E54-4E22-BDC0-4E32B0E7E5B1}.Release|Any CPU.Build.0 = Release|Any CPU
	EndGlobalSection
	GlobalSection(SolutionProperties) = preSolution
		HideSolutionNode = FALSE
	EndGlobalSection
	GlobalSection(NestedProjects) = preSolution
		{A46E5BE7-8A38-4725-BAF8-581DC969C6A7} = {AEC10E12-0944-47C8-BAA9-F888B2B3AE08}
		{D0D9A724-83A8-4B35-AA7F-2F883F9FDE3A} = {AEC10E12-0944-47C8-BAA9-F888B2B3AE08}
		{1586FA39-4436-4342-A7E5-89B36ACD55B2} = {643F4382-8F35-4F32-90E2-92B46C6C64BB}
		{605615DB-2A2C-412F-B7EB-C5F0F235789D} = {643F4382-8F35-4F32-90E2-92B46C6C64BB}
		{11AF7E54-921A-416A-A668-EB4F37164B08} = {643F4382-8F35-4F32-90E2-92B46C6C64BB}
		{5EEB0445-55F0-49B6-A41C-7EC77FBE82A9} = {643F4382-8F35-4F32-90E2-92B46C6C64BB}
		{C571D582-0439-4B00-8F18-0A187FCF22BA} = {643F4382-8F35-4F32-90E2-92B46C6C64BB}
		{68E5A502-7E54-4E22-BDC0-4E32B0E7E5B1} = {643F4382-8F35-4F32-90E2-92B46C6C64BB}
	EndGlobalSection
	GlobalSection(ExtensibilityGlobals) = postSolution
		SolutionGuid = {524A96E6-71CC-44F4-99CE-F92C13196487}
	EndGlobalSection
EndGlobal
